
Microsoft Visual Studio Solution File, Format Version 12.00
# Visual Studio Version 17
VisualStudioVersion = 17.13.35818.85 d17.13
MinimumVisualStudioVersion = 10.0.40219.1
Project("{FAE04EC0-301F-11D3-BF4B-00C04F79EFBC}") = "SubcriptExceptionTest_PE1", "SubcriptExceptionTest_PE1\SubcriptExceptionTest_PE1.csproj", "{7713B5F8-0C2B-46B6-AA92-EA4DBFC65F1A}"
EndProject
Global
	GlobalSection(SolutionConfigurationPlatforms) = preSolution
		Debug|Any CPU = Debug|Any CPU
		Release|Any CPU = Release|Any CPU
	EndGlobalSection
	GlobalSection(ProjectConfigurationPlatforms) = postSolution
		{7713B5F8-0C2B-46B6-AA92-EA4DBFC65F1A}.Debug|Any CPU.ActiveCfg = Debug|Any CPU
		{7713B5F8-0C2B-46B6-AA92-EA4DBFC65F1A}.Debug|Any CPU.Build.0 = Debug|Any CPU
		{7713B5F8-0C2B-46B6-AA92-EA4DBFC65F1A}.Release|Any CPU.ActiveCfg = Release|Any CPU
		{7713B5F8-0C2B-46B6-AA92-EA4DBFC65F1A}.Release|Any CPU.Build.0 = Release|Any CPU
	EndGlobalSection
	GlobalSection(SolutionProperties) = preSolution
		HideSolutionNode = FALSE
	EndGlobalSection
	GlobalSection(ExtensibilityGlobals) = postSolution
		SolutionGuid = {219B4DD2-69CF-4387-B288-C787ABA8732E}
	EndGlobalSection
EndGlobal
