
Microsoft Visual Studio Solution File, Format Version 12.00
# Visual Studio Version 17
VisualStudioVersion = 17.13.35818.85 d17.13
MinimumVisualStudioVersion = 10.0.40219.1
Project("{FAE04EC0-301F-11D3-BF4B-00C04F79EFBC}") = "GrevilleRevenue_CS9", "GrevilleRevenue_CS9\GrevilleRevenue_CS9.csproj", "{1F92DAC4-14E7-4224-8103-43E7460EE887}"
EndProject
Global
	GlobalSection(SolutionConfigurationPlatforms) = preSolution
		Debug|Any CPU = Debug|Any CPU
		Release|Any CPU = Release|Any CPU
	EndGlobalSection
	GlobalSection(ProjectConfigurationPlatforms) = postSolution
		{1F92DAC4-14E7-4224-8103-43E7460EE887}.Debug|Any CPU.ActiveCfg = Debug|Any CPU
		{1F92DAC4-14E7-4224-8103-43E7460EE887}.Debug|Any CPU.Build.0 = Debug|Any CPU
		{1F92DAC4-14E7-4224-8103-43E7460EE887}.Release|Any CPU.ActiveCfg = Release|Any CPU
		{1F92DAC4-14E7-4224-8103-43E7460EE887}.Release|Any CPU.Build.0 = Release|Any CPU
	EndGlobalSection
	GlobalSection(SolutionProperties) = preSolution
		HideSolutionNode = FALSE
	EndGlobalSection
	GlobalSection(ExtensibilityGlobals) = postSolution
		SolutionGuid = {22B19638-0873-418B-A25A-EE6749C5EA2C}
	EndGlobalSection
EndGlobal
