
Microsoft Visual Studio Solution File, Format Version 12.00
# Visual Studio Version 17
VisualStudioVersion = 17.13.35818.85 d17.13
MinimumVisualStudioVersion = 10.0.40219.1
Project("{FAE04EC0-301F-11D3-BF4B-00C04F79EFBC}") = "Debug1_CH14", "Debug1_CH14\Debug1_CH14.csproj", "{8629F25E-6BA8-481D-BB89-637BF7A80BBE}"
EndProject
Global
	GlobalSection(SolutionConfigurationPlatforms) = preSolution
		Debug|Any CPU = Debug|Any CPU
		Release|Any CPU = Release|Any CPU
	EndGlobalSection
	GlobalSection(ProjectConfigurationPlatforms) = postSolution
		{8629F25E-6BA8-481D-BB89-637BF7A80BBE}.Debug|Any CPU.ActiveCfg = Debug|Any CPU
		{8629F25E-6BA8-481D-BB89-637BF7A80BBE}.Debug|Any CPU.Build.0 = Debug|Any CPU
		{8629F25E-6BA8-481D-BB89-637BF7A80BBE}.Release|Any CPU.ActiveCfg = Release|Any CPU
		{8629F25E-6BA8-481D-BB89-637BF7A80BBE}.Release|Any CPU.Build.0 = Release|Any CPU
	EndGlobalSection
	GlobalSection(SolutionProperties) = preSolution
		HideSolutionNode = FALSE
	EndGlobalSection
	GlobalSection(ExtensibilityGlobals) = postSolution
		SolutionGuid = {23D54613-7662-4F2B-B096-55E2718B1D58}
	EndGlobalSection
EndGlobal
