
Microsoft Visual Studio Solution File, Format Version 12.00
# Visual Studio Version 17
VisualStudioVersion = 17.13.35818.85 d17.13
MinimumVisualStudioVersion = 10.0.40219.1
Project("{FAE04EC0-301F-11D3-BF4B-00C04F79EFBC}") = "PhotoDemo_PE2", "PhotoDemo_PE2\PhotoDemo_PE2.csproj", "{E3575485-7176-4A75-95CF-BAD4A0415658}"
EndProject
Global
	GlobalSection(SolutionConfigurationPlatforms) = preSolution
		Debug|Any CPU = Debug|Any CPU
		Release|Any CPU = Release|Any CPU
	EndGlobalSection
	GlobalSection(ProjectConfigurationPlatforms) = postSolution
		{E3575485-7176-4A75-95CF-BAD4A0415658}.Debug|Any CPU.ActiveCfg = Debug|Any CPU
		{E3575485-7176-4A75-95CF-BAD4A0415658}.Debug|Any CPU.Build.0 = Debug|Any CPU
		{E3575485-7176-4A75-95CF-BAD4A0415658}.Release|Any CPU.ActiveCfg = Release|Any CPU
		{E3575485-7176-4A75-95CF-BAD4A0415658}.Release|Any CPU.Build.0 = Release|Any CPU
	EndGlobalSection
	GlobalSection(SolutionProperties) = preSolution
		HideSolutionNode = FALSE
	EndGlobalSection
	GlobalSection(ExtensibilityGlobals) = postSolution
		SolutionGuid = {7E95B623-BB14-4963-8CE7-DF8EB3708FE9}
	EndGlobalSection
EndGlobal
